// !$*UTF8*$!
{
	archiveVersion = 1;
	classes = {
	};
	objectVersion = 46;
	objects = {

/* Begin PBXBuildFile section */
		8A615E411A37135300BEB248 /* AppDelegate.swift in Sources */ = {isa = PBXBuildFile; fileRef = 8A615E401A37135300BEB248 /* AppDelegate.swift */; };
		8A615E441A37135300BEB248 /* lipoff.xcdatamodeld in Sources */ = {isa = PBXBuildFile; fileRef = 8A615E421A37135300BEB248 /* lipoff.xcdatamodeld */; };
		8A615E461A37135300BEB248 /* ViewController.swift in Sources */ = {isa = PBXBuildFile; fileRef = 8A615E451A37135300BEB248 /* ViewController.swift */; };
		8A615E491A37135300BEB248 /* Main.storyboard in Resources */ = {isa = PBXBuildFile; fileRef = 8A615E471A37135300BEB248 /* Main.storyboard */; };
		8A615E4B1A37135300BEB248 /* Images.xcassets in Resources */ = {isa = PBXBuildFile; fileRef = 8A615E4A1A37135300BEB248 /* Images.xcassets */; };
		8A615E4E1A37135300BEB248 /* LaunchScreen.xib in Resources */ = {isa = PBXBuildFile; fileRef = 8A615E4C1A37135300BEB248 /* LaunchScreen.xib */; };
		8A615E5A1A37135300BEB248 /* lipoffTests.swift in Sources */ = {isa = PBXBuildFile; fileRef = 8A615E591A37135300BEB248 /* lipoffTests.swift */; };
		8A615E641A3713C900BEB248 /* File.swift in Sources */ = {isa = PBXBuildFile; fileRef = 8A615E631A3713C900BEB248 /* File.swift */; };
		8AD3673B1A378ECA00693E9A /* CameraRecordController.swift in Sources */ = {isa = PBXBuildFile; fileRef = 8AD3673A1A378ECA00693E9A /* CameraRecordController.swift */; };
		8AE952841A386AD7007C3112 /* QuartzCore.framework in Frameworks */ = {isa = PBXBuildFile; fileRef = 8AE952831A386AD7007C3112 /* QuartzCore.framework */; };
/* End PBXBuildFile section */

/* Begin PBXContainerItemProxy section */
		8A615E541A37135300BEB248 /* PBXContainerItemProxy */ = {
			isa = PBXContainerItemProxy;
			containerPortal = 8A615E331A37135300BEB248 /* Project object */;
			proxyType = 1;
			remoteGlobalIDString = 8A615E3A1A37135300BEB248;
			remoteInfo = lipoff;
		};
/* End PBXContainerItemProxy section */

/* Begin PBXFileReference section */
		8A615E3B1A37135300BEB248 /* lipoff.app */ = {isa = PBXFileReference; explicitFileType = wrapper.application; includeInIndex = 0; path = lipoff.app; sourceTree = BUILT_PRODUCTS_DIR; };
		8A615E3F1A37135300BEB248 /* Info.plist */ = {isa = PBXFileReference; lastKnownFileType = text.plist.xml; path = Info.plist; sourceTree = "<group>"; };
		8A615E401A37135300BEB248 /* AppDelegate.swift */ = {isa = PBXFileReference; lastKnownFileType = sourcecode.swift; path = AppDelegate.swift; sourceTree = "<group>"; };
		8A615E431A37135300BEB248 /* lipoff.xcdatamodel */ = {isa = PBXFileReference; lastKnownFileType = wrapper.xcdatamodel; path = lipoff.xcdatamodel; sourceTree = "<group>"; };
		8A615E451A37135300BEB248 /* ViewController.swift */ = {isa = PBXFileReference; lastKnownFileType = sourcecode.swift; path = ViewController.swift; sourceTree = "<group>"; };
		8A615E481A37135300BEB248 /* Base */ = {isa = PBXFileReference; lastKnownFileType = file.storyboard; name = Base; path = Base.lproj/Main.storyboard; sourceTree = "<group>"; };
		8A615E4A1A37135300BEB248 /* Images.xcassets */ = {isa = PBXFileReference; lastKnownFileType = folder.assetcatalog; path = Images.xcassets; sourceTree = "<group>"; };
		8A615E4D1A37135300BEB248 /* Base */ = {isa = PBXFileReference; lastKnownFileType = file.xib; name = Base; path = Base.lproj/LaunchScreen.xib; sourceTree = "<group>"; };
		8A615E531A37135300BEB248 /* lipoffTests.xctest */ = {isa = PBXFileReference; explicitFileType = wrapper.cfbundle; includeInIndex = 0; path = lipoffTests.xctest; sourceTree = BUILT_PRODUCTS_DIR; };
		8A615E581A37135300BEB248 /* Info.plist */ = {isa = PBXFileReference; lastKnownFileType = text.plist.xml; path = Info.plist; sourceTree = "<group>"; };
		8A615E591A37135300BEB248 /* lipoffTests.swift */ = {isa = PBXFileReference; lastKnownFileType = sourcecode.swift; path = lipoffTests.swift; sourceTree = "<group>"; };
		8A615E631A3713C900BEB248 /* File.swift */ = {isa = PBXFileReference; fileEncoding = 4; lastKnownFileType = sourcecode.swift; path = File.swift; sourceTree = "<group>"; };
		8AD3673A1A378ECA00693E9A /* CameraRecordController.swift */ = {isa = PBXFileReference; fileEncoding = 4; lastKnownFileType = sourcecode.swift; path = CameraRecordController.swift; sourceTree = "<group>"; };
		8AE952831A386AD7007C3112 /* QuartzCore.framework */ = {isa = PBXFileReference; lastKnownFileType = wrapper.framework; name = QuartzCore.framework; path = System/Library/Frameworks/QuartzCore.framework; sourceTree = SDKROOT; };
/* End PBXFileReference section */

/* Begin PBXFrameworksBuildPhase section */
		8A615E381A37135300BEB248 /* Frameworks */ = {
			isa = PBXFrameworksBuildPhase;
			buildActionMask = 2147483647;
			files = (
				8AE952841A386AD7007C3112 /* QuartzCore.framework in Frameworks */,
			);
			runOnlyForDeploymentPostprocessing = 0;
		};
		8A615E501A37135300BEB248 /* Frameworks */ = {
			isa = PBXFrameworksBuildPhase;
			buildActionMask = 2147483647;
			files = (
			);
			runOnlyForDeploymentPostprocessing = 0;
		};
/* End PBXFrameworksBuildPhase section */

/* Begin PBXGroup section */
		8A615E321A37135300BEB248 = {
			isa = PBXGroup;
			children = (
				8AE952831A386AD7007C3112 /* QuartzCore.framework */,
				8A615E3D1A37135300BEB248 /* lipoff */,
				8A615E561A37135300BEB248 /* lipoffTests */,
				8A615E3C1A37135300BEB248 /* Products */,
			);
			sourceTree = "<group>";
		};
		8A615E3C1A37135300BEB248 /* Products */ = {
			isa = PBXGroup;
			children = (
				8A615E3B1A37135300BEB248 /* lipoff.app */,
				8A615E531A37135300BEB248 /* lipoffTests.xctest */,
			);
			name = Products;
			sourceTree = "<group>";
		};
		8A615E3D1A37135300BEB248 /* lipoff */ = {
			isa = PBXGroup;
			children = (
				8A615E401A37135300BEB248 /* AppDelegate.swift */,
				8A615E451A37135300BEB248 /* ViewController.swift */,
				8A615E471A37135300BEB248 /* Main.storyboard */,
				8A615E4A1A37135300BEB248 /* Images.xcassets */,
				8A615E4C1A37135300BEB248 /* LaunchScreen.xib */,
				8A615E421A37135300BEB248 /* lipoff.xcdatamodeld */,
				8A615E3E1A37135300BEB248 /* Supporting Files */,
				8A615E631A3713C900BEB248 /* File.swift */,
				8AD3673A1A378ECA00693E9A /* CameraRecordController.swift */,
			);
			path = lipoff;
			sourceTree = "<group>";
		};
		8A615E3E1A37135300BEB248 /* Supporting Files */ = {
			isa = PBXGroup;
			children = (
				8A615E3F1A37135300BEB248 /* Info.plist */,
			);
			name = "Supporting Files";
			sourceTree = "<group>";
		};
		8A615E561A37135300BEB248 /* lipoffTests */ = {
			isa = PBXGroup;
			children = (
				8A615E591A37135300BEB248 /* lipoffTests.swift */,
				8A615E571A37135300BEB248 /* Supporting Files */,
			);
			path = lipoffTests;
			sourceTree = "<group>";
		};
		8A615E571A37135300BEB248 /* Supporting Files */ = {
			isa = PBXGroup;
			children = (
				8A615E581A37135300BEB248 /* Info.plist */,
			);
			name = "Supporting Files";
			sourceTree = "<group>";
		};
/* End PBXGroup section */

/* Begin PBXNativeTarget section */
		8A615E3A1A37135300BEB248 /* lipoff */ = {
			isa = PBXNativeTarget;
			buildConfigurationList = 8A615E5D1A37135300BEB248 /* Build configuration list for PBXNativeTarget "lipoff" */;
			buildPhases = (
				8A615E371A37135300BEB248 /* Sources */,
				8A615E381A37135300BEB248 /* Frameworks */,
				8A615E391A37135300BEB248 /* Resources */,
			);
			buildRules = (
			);
			dependencies = (
			);
			name = lipoff;
			productName = lipoff;
			productReference = 8A615E3B1A37135300BEB248 /* lipoff.app */;
			productType = "com.apple.product-type.application";
		};
		8A615E521A37135300BEB248 /* lipoffTests */ = {
			isa = PBXNativeTarget;
			buildConfigurationList = 8A615E601A37135300BEB248 /* Build configuration list for PBXNativeTarget "lipoffTests" */;
			buildPhases = (
				8A615E4F1A37135300BEB248 /* Sources */,
				8A615E501A37135300BEB248 /* Frameworks */,
				8A615E511A37135300BEB248 /* Resources */,
			);
			buildRules = (
			);
			dependencies = (
				8A615E551A37135300BEB248 /* PBXTargetDependency */,
			);
			name = lipoffTests;
			productName = lipoffTests;
			productReference = 8A615E531A37135300BEB248 /* lipoffTests.xctest */;
			productType = "com.apple.product-type.bundle.unit-test";
		};
/* End PBXNativeTarget section */

/* Begin PBXProject section */
		8A615E331A37135300BEB248 /* Project object */ = {
			isa = PBXProject;
			attributes = {
				LastUpgradeCheck = 0610;
				ORGANIZATIONNAME = Ingelheim;
				TargetAttributes = {
					8A615E3A1A37135300BEB248 = {
						CreatedOnToolsVersion = 6.1;
					};
					8A615E521A37135300BEB248 = {
						CreatedOnToolsVersion = 6.1;
						TestTargetID = 8A615E3A1A37135300BEB248;
					};
				};
			};
			buildConfigurationList = 8A615E361A37135300BEB248 /* Build configuration list for PBXProject "lipoff" */;
			compatibilityVersion = "Xcode 3.2";
			developmentRegion = English;
			hasScannedForEncodings = 0;
			knownRegions = (
				en,
				Base,
			);
			mainGroup = 8A615E321A37135300BEB248;
			productRefGroup = 8A615E3C1A37135300BEB248 /* Products */;
			projectDirPath = "";
			projectRoot = "";
			targets = (
				8A615E3A1A37135300BEB248 /* lipoff */,
				8A615E521A37135300BEB248 /* lipoffTests */,
			);
		};
/* End PBXProject section */

/* Begin PBXResourcesBuildPhase section */
		8A615E391A37135300BEB248 /* Resources */ = {
			isa = PBXResourcesBuildPhase;
			buildActionMask = 2147483647;
			files = (
				8A615E491A37135300BEB248 /* Main.storyboard in Resources */,
				8A615E4E1A37135300BEB248 /* LaunchScreen.xib in Resources */,
				8A615E4B1A37135300BEB248 /* Images.xcassets in Resources */,
			);
			runOnlyForDeploymentPostprocessing = 0;
		};
		8A615E511A37135300BEB248 /* Resources */ = {
			isa = PBXResourcesBuildPhase;
			buildActionMask = 2147483647;
			files = (
			);
			runOnlyForDeploymentPostprocessing = 0;
		};
/* End PBXResourcesBuildPhase section */

/* Begin PBXSourcesBuildPhase section */
		8A615E371A37135300BEB248 /* Sources */ = {
			isa = PBXSourcesBuildPhase;
			buildActionMask = 2147483647;
			files = (
				8A615E461A37135300BEB248 /* ViewController.swift in Sources */,
				8A615E641A3713C900BEB248 /* File.swift in Sources */,
				8AD3673B1A378ECA00693E9A /* CameraRecordController.swift in Sources */,
				8A615E411A37135300BEB248 /* AppDelegate.swift in Sources */,
				8A615E441A37135300BEB248 /* lipoff.xcdatamodeld in Sources */,
			);
			runOnlyForDeploymentPostprocessing = 0;
		};
		8A615E4F1A37135300BEB248 /* Sources */ = {
			isa = PBXSourcesBuildPhase;
			buildActionMask = 2147483647;
			files = (
				8A615E5A1A37135300BEB248 /* lipoffTests.swift in Sources */,
			);
			runOnlyForDeploymentPostprocessing = 0;
		};
/* End PBXSourcesBuildPhase section */

/* Begin PBXTargetDependency section */
		8A615E551A37135300BEB248 /* PBXTargetDependency */ = {
			isa = PBXTargetDependency;
			target = 8A615E3A1A37135300BEB248 /* lipoff */;
			targetProxy = 8A615E541A37135300BEB248 /* PBXContainerItemProxy */;
		};
/* End PBXTargetDependency section */

/* Begin PBXVariantGroup section */
		8A615E471A37135300BEB248 /* Main.storyboard */ = {
			isa = PBXVariantGroup;
			children = (
				8A615E481A37135300BEB248 /* Base */,
			);
			name = Main.storyboard;
			sourceTree = "<group>";
		};
		8A615E4C1A37135300BEB248 /* LaunchScreen.xib */ = {
			isa = PBXVariantGroup;
			children = (
				8A615E4D1A37135300BEB248 /* Base */,
			);
			name = LaunchScreen.xib;
			sourceTree = "<group>";
		};
/* End PBXVariantGroup section */

/* Begin XCBuildConfiguration section */
		8A615E5B1A37135300BEB248 /* Debug */ = {
			isa = XCBuildConfiguration;
			buildSettings = {
				ALWAYS_SEARCH_USER_PATHS = NO;
				CLANG_CXX_LANGUAGE_STANDARD = "gnu++0x";
				CLANG_CXX_LIBRARY = "libc++";
				CLANG_ENABLE_MODULES = YES;
				CLANG_ENABLE_OBJC_ARC = YES;
				CLANG_WARN_BOOL_CONVERSION = YES;
				CLANG_WARN_CONSTANT_CONVERSION = YES;
				CLANG_WARN_DIRECT_OBJC_ISA_USAGE = YES_ERROR;
				CLANG_WARN_EMPTY_BODY = YES;
				CLANG_WARN_ENUM_CONVERSION = YES;
				CLANG_WARN_INT_CONVERSION = YES;
				CLANG_WARN_OBJC_ROOT_CLASS = YES_ERROR;
				CLANG_WARN_UNREACHABLE_CODE = YES;
				CLANG_WARN__DUPLICATE_METHOD_MATCH = YES;
				"CODE_SIGN_IDENTITY[sdk=iphoneos*]" = "iPhone Developer";
				COPY_PHASE_STRIP = NO;
				ENABLE_STRICT_OBJC_MSGSEND = YES;
				GCC_C_LANGUAGE_STANDARD = gnu99;
				GCC_DYNAMIC_NO_PIC = NO;
				GCC_OPTIMIZATION_LEVEL = 0;
				GCC_PREPROCESSOR_DEFINITIONS = (
					"DEBUG=1",
					"$(inherited)",
				);
				GCC_SYMBOLS_PRIVATE_EXTERN = NO;
				GCC_WARN_64_TO_32_BIT_CONVERSION = YES;
				GCC_WARN_ABOUT_RETURN_TYPE = YES_ERROR;
				GCC_WARN_UNDECLARED_SELECTOR = YES;
				GCC_WARN_UNINITIALIZED_AUTOS = YES_AGGRESSIVE;
				GCC_WARN_UNUSED_FUNCTION = YES;
				GCC_WARN_UNUSED_VARIABLE = YES;
				IPHONEOS_DEPLOYMENT_TARGET = 8.1;
				MTL_ENABLE_DEBUG_INFO = YES;
				ONLY_ACTIVE_ARCH = YES;
				SDKROOT = iphoneos;
				SWIFT_OPTIMIZATION_LEVEL = "-Onone";
			};
			name = Debug;
		};
		8A615E5C1A37135300BEB248 /* Release */ = {
			isa = XCBuildConfiguration;
			buildSettings = {
				ALWAYS_SEARCH_USER_PATHS = NO;
				CLANG_CXX_LANGUAGE_STANDARD = "gnu++0x";
				CLANG_CXX_LIBRARY = "libc++";
				CLANG_ENABLE_MODULES = YES;
				CLANG_ENABLE_OBJC_ARC = YES;
				CLANG_WARN_BOOL_CONVERSION = YES;
				CLANG_WARN_CONSTANT_CONVERSION = YES;
				CLANG_WARN_DIRECT_OBJC_ISA_USAGE = YES_ERROR;
				CLANG_WARN_EMPTY_BODY = YES;
				CLANG_WARN_ENUM_CONVERSION = YES;
				CLANG_WARN_INT_CONVERSION = YES;
				CLANG_WARN_OBJC_ROOT_CLASS = YES_ERROR;
				CLANG_WARN_UNREACHABLE_CODE = YES;
				CLANG_WARN__DUPLICATE_METHOD_MATCH = YES;
				"CODE_SIGN_IDENTITY[sdk=iphoneos*]" = "iPhone Developer";
				COPY_PHASE_STRIP = YES;
				ENABLE_NS_ASSERTIONS = NO;
				ENABLE_STRICT_OBJC_MSGSEND = YES;
				GCC_C_LANGUAGE_STANDARD = gnu99;
				GCC_WARN_64_TO_32_BIT_CONVERSION = YES;
				GCC_WARN_ABOUT_RETURN_TYPE = YES_ERROR;
				GCC_WARN_UNDECLARED_SELECTOR = YES;
				GCC_WARN_UNINITIALIZED_AUTOS = YES_AGGRESSIVE;
				GCC_WARN_UNUSED_FUNCTION = YES;
				GCC_WARN_UNUSED_VARIABLE = YES;
				IPHONEOS_DEPLOYMENT_TARGET = 8.1;
				MTL_ENABLE_DEBUG_INFO = NO;
				SDKROOT = iphoneos;
				VALIDATE_PRODUCT = YES;
			};
			name = Release;
		};
		8A615E5E1A37135300BEB248 /* Debug */ = {
			isa = XCBuildConfiguration;
			buildSettings = {
				ASSETCATALOG_COMPILER_APPICON_NAME = AppIcon;
				INFOPLIST_FILE = lipoff/Info.plist;
				LD_RUNPATH_SEARCH_PATHS = "$(inherited) @executable_path/Frameworks";
				PRODUCT_NAME = "$(TARGET_NAME)";
			};
			name = Debug;
		};
		8A615E5F1A37135300BEB248 /* Release */ = {
			isa = XCBuildConfiguration;
			buildSettings = {
				ASSETCATALOG_COMPILER_APPICON_NAME = AppIcon;
				INFOPLIST_FILE = lipoff/Info.plist;
				LD_RUNPATH_SEARCH_PATHS = "$(inherited) @executable_path/Frameworks";
				PRODUCT_NAME = "$(TARGET_NAME)";
			};
			name = Release;
		};
		8A615E611A37135300BEB248 /* Debug */ = {
			isa = XCBuildConfiguration;
			buildSettings = {
				BUNDLE_LOADER = "$(TEST_HOST)";
				FRAMEWORK_SEARCH_PATHS = (
					"$(SDKROOT)/Developer/Library/Frameworks",
					"$(inherited)",
				);
				GCC_PREPROCESSOR_DEFINITIONS = (
					"DEBUG=1",
					"$(inherited)",
				);
				INFOPLIST_FILE = lipoffTests/Info.plist;
				LD_RUNPATH_SEARCH_PATHS = "$(inherited) @executable_path/Frameworks @loader_path/Frameworks";
				PRODUCT_NAME = "$(TARGET_NAME)";
				TEST_HOST = "$(BUILT_PRODUCTS_DIR)/lipoff.app/lipoff";
			};
			name = Debug;
		};
		8A615E621A37135300BEB248 /* Release */ = {
			isa = XCBuildConfiguration;
			buildSettings = {
				BUNDLE_LOADER = "$(TEST_HOST)";
				FRAMEWORK_SEARCH_PATHS = (
					"$(SDKROOT)/Developer/Library/Frameworks",
					"$(inherited)",
				);
				INFOPLIST_FILE = lipoffTests/Info.plist;
				LD_RUNPATH_SEARCH_PATHS = "$(inherited) @executable_path/Frameworks @loader_path/Frameworks";
				PRODUCT_NAME = "$(TARGET_NAME)";
				TEST_HOST = "$(BUILT_PRODUCTS_DIR)/lipoff.app/lipoff";
			};
			name = Release;
		};
/* End XCBuildConfiguration section */

/* Begin XCConfigurationList section */
		8A615E361A37135300BEB248 /* Build configuration list for PBXProject "lipoff" */ = {
			isa = XCConfigurationList;
			buildConfigurations = (
				8A615E5B1A37135300BEB248 /* Debug */,
				8A615E5C1A37135300BEB248 /* Release */,
			);
			defaultConfigurationIsVisible = 0;
			defaultConfigurationName = Release;
		};
		8A615E5D1A37135300BEB248 /* Build configuration list for PBXNativeTarget "lipoff" */ = {
			isa = XCConfigurationList;
			buildConfigurations = (
				8A615E5E1A37135300BEB248 /* Debug */,
				8A615E5F1A37135300BEB248 /* Release */,
			);
			defaultConfigurationIsVisible = 0;
			defaultConfigurationName = Release;
		};
		8A615E601A37135300BEB248 /* Build configuration list for PBXNativeTarget "lipoffTests" */ = {
			isa = XCConfigurationList;
			buildConfigurations = (
				8A615E611A37135300BEB248 /* Debug */,
				8A615E621A37135300BEB248 /* Release */,
			);
			defaultConfigurationIsVisible = 0;
			defaultConfigurationName = Release;
		};
/* End XCConfigurationList section */

/* Begin XCVersionGroup section */
		8A615E421A37135300BEB248 /* lipoff.xcdatamodeld */ = {
			isa = XCVersionGroup;
			children = (
				8A615E431A37135300BEB248 /* lipoff.xcdatamodel */,
			);
			currentVersion = 8A615E431A37135300BEB248 /* lipoff.xcdatamodel */;
			path = lipoff.xcdatamodeld;
			sourceTree = "<group>";
			versionGroupType = wrapper.xcdatamodel;
		};
/* End XCVersionGroup section */
	};
	rootObject = 8A615E331A37135300BEB248 /* Project object */;
}
